
Microsoft Visual Studio Solution File, Format Version 12.00
# Visual Studio 15
VisualStudioVersion = 15.0.27428.2015
MinimumVisualStudioVersion = 10.0.40219.1
Project("{FAE04EC0-301F-11D3-BF4B-00C04F79EFBC}") = "howkteam", "howkteam\howkteam.csproj", "{4C8AAE77-3D67-4C7E-8EAC-2EC76A2C2140}"
EndProject
Global
	GlobalSection(SolutionConfigurationPlatforms) = preSolution
		Debug|Any CPU = Debug|Any CPU
		Release|Any CPU = Release|Any CPU
	EndGlobalSection
	GlobalSection(ProjectConfigurationPlatforms) = postSolution
		{4C8AAE77-3D67-4C7E-8EAC-2EC76A2C2140}.Debug|Any CPU.ActiveCfg = Debug|Any CPU
		{4C8AAE77-3D67-4C7E-8EAC-2EC76A2C2140}.Debug|Any CPU.Build.0 = Debug|Any CPU
		{4C8AAE77-3D67-4C7E-8EAC-2EC76A2C2140}.Release|Any CPU.ActiveCfg = Release|Any CPU
		{4C8AAE77-3D67-4C7E-8EAC-2EC76A2C2140}.Release|Any CPU.Build.0 = Release|Any CPU
	EndGlobalSection
	GlobalSection(SolutionProperties) = preSolution
		HideSolutionNode = FALSE
	EndGlobalSection
	GlobalSection(ExtensibilityGlobals) = postSolution
		SolutionGuid = {5594F126-0D19-4D35-AC0D-DD014923DAC2}
	EndGlobalSection
EndGlobal
